// !$*UTF8*$!
{
	archiveVersion = 1;
	classes = {
	};
	objectVersion = 46;
	objects = {

/* Begin PBXBuildFile section */
		2FF5B5991E835F6300BACD46 /* main.m in Sources */ = {isa = PBXBuildFile; fileRef = 2FF5B5981E835F6300BACD46 /* main.m */; };
		2FF5B59C1E835F6300BACD46 /* AppDelegate.m in Sources */ = {isa = PBXBuildFile; fileRef = 2FF5B59B1E835F6300BACD46 /* AppDelegate.m */; };
		2FF5B59F1E835F6300BACD46 /* ViewController.m in Sources */ = {isa = PBXBuildFile; fileRef = 2FF5B59E1E835F6300BACD46 /* ViewController.m */; };
		2FF5B5A21E835F6300BACD46 /* Main.storyboard in Resources */ = {isa = PBXBuildFile; fileRef = 2FF5B5A01E835F6300BACD46 /* Main.storyboard */; };
		2FF5B5A41E835F6300BACD46 /* Assets.xcassets in Resources */ = {isa = PBXBuildFile; fileRef = 2FF5B5A31E835F6300BACD46 /* Assets.xcassets */; };
		2FF5B5A71E835F6300BACD46 /* LaunchScreen.storyboard in Resources */ = {isa = PBXBuildFile; fileRef = 2FF5B5A51E835F6300BACD46 /* LaunchScreen.storyboard */; };
		2FF5B5B81E83647400BACD46 /* DS-DIGI.TTF in Resources */ = {isa = PBXBuildFile; fileRef = 2FF5B5B61E83647400BACD46 /* DS-DIGI.TTF */; };
		2FF5B5BF1E83678C00BACD46 /* DS-DIGIB.TTF in Resources */ = {isa = PBXBuildFile; fileRef = 2FF5B5BB1E83678C00BACD46 /* DS-DIGIB.TTF */; };
		2FF5B5C11E83678C00BACD46 /* StencilStd.ttf in Resources */ = {isa = PBXBuildFile; fileRef = 2FF5B5BD1E83678C00BACD46 /* StencilStd.ttf */; };
/* End PBXBuildFile section */

/* Begin PBXFileReference section */
		2FF5B5941E835F6300BACD46 /* TTF-Demo.app */ = {isa = PBXFileReference; explicitFileType = wrapper.application; includeInIndex = 0; path = "TTF-Demo.app"; sourceTree = BUILT_PRODUCTS_DIR; };
		2FF5B5981E835F6300BACD46 /* main.m */ = {isa = PBXFileReference; lastKnownFileType = sourcecode.c.objc; path = main.m; sourceTree = "<group>"; };
		2FF5B59A1E835F6300BACD46 /* AppDelegate.h */ = {isa = PBXFileReference; lastKnownFileType = sourcecode.c.h; path = AppDelegate.h; sourceTree = "<group>"; };
		2FF5B59B1E835F6300BACD46 /* AppDelegate.m */ = {isa = PBXFileReference; lastKnownFileType = sourcecode.c.objc; path = AppDelegate.m; sourceTree = "<group>"; };
		2FF5B59D1E835F6300BACD46 /* ViewController.h */ = {isa = PBXFileReference; lastKnownFileType = sourcecode.c.h; path = ViewController.h; sourceTree = "<group>"; };
		2FF5B59E1E835F6300BACD46 /* ViewController.m */ = {isa = PBXFileReference; lastKnownFileType = sourcecode.c.objc; path = ViewController.m; sourceTree = "<group>"; };
		2FF5B5A11E835F6300BACD46 /* Base */ = {isa = PBXFileReference; lastKnownFileType = file.storyboard; name = Base; path = Base.lproj/Main.storyboard; sourceTree = "<group>"; };
		2FF5B5A31E835F6300BACD46 /* Assets.xcassets */ = {isa = PBXFileReference; lastKnownFileType = folder.assetcatalog; path = Assets.xcassets; sourceTree = "<group>"; };
		2FF5B5A61E835F6300BACD46 /* Base */ = {isa = PBXFileReference; lastKnownFileType = file.storyboard; name = Base; path = Base.lproj/LaunchScreen.storyboard; sourceTree = "<group>"; };
		2FF5B5A81E835F6300BACD46 /* Info.plist */ = {isa = PBXFileReference; lastKnownFileType = text.plist.xml; path = Info.plist; sourceTree = "<group>"; };
		2FF5B5B61E83647400BACD46 /* DS-DIGI.TTF */ = {isa = PBXFileReference; lastKnownFileType = file; path = "DS-DIGI.TTF"; sourceTree = "<group>"; };
		2FF5B5BB1E83678C00BACD46 /* DS-DIGIB.TTF */ = {isa = PBXFileReference; lastKnownFileType = file; path = "DS-DIGIB.TTF"; sourceTree = "<group>"; };
		2FF5B5BD1E83678C00BACD46 /* StencilStd.ttf */ = {isa = PBXFileReference; lastKnownFileType = file; path = StencilStd.ttf; sourceTree = "<group>"; };
/* End PBXFileReference section */

/* Begin PBXFrameworksBuildPhase section */
		2FF5B5911E835F6300BACD46 /* Frameworks */ = {
			isa = PBXFrameworksBuildPhase;
			buildActionMask = 2147483647;
			files = (
			);
			runOnlyForDeploymentPostprocessing = 0;
		};
/* End PBXFrameworksBuildPhase section */

/* Begin PBXGroup section */
		2FF5B58B1E835F6300BACD46 = {
			isa = PBXGroup;
			children = (
				2FF5B5961E835F6300BACD46 /* TTF-Demo */,
				2FF5B5951E835F6300BACD46 /* Products */,
			);
			sourceTree = "<group>";
		};
		2FF5B5951E835F6300BACD46 /* Products */ = {
			isa = PBXGroup;
			children = (
				2FF5B5941E835F6300BACD46 /* TTF-Demo.app */,
			);
			name = Products;
			sourceTree = "<group>";
		};
		2FF5B5961E835F6300BACD46 /* TTF-Demo */ = {
			isa = PBXGroup;
			children = (
				2FF5B59A1E835F6300BACD46 /* AppDelegate.h */,
				2FF5B59B1E835F6300BACD46 /* AppDelegate.m */,
				2FF5B59D1E835F6300BACD46 /* ViewController.h */,
				2FF5B59E1E835F6300BACD46 /* ViewController.m */,
				2FF5B5B61E83647400BACD46 /* DS-DIGI.TTF */,
				2FF5B5BB1E83678C00BACD46 /* DS-DIGIB.TTF */,
				2FF5B5BD1E83678C00BACD46 /* StencilStd.ttf */,
				2FF5B5A01E835F6300BACD46 /* Main.storyboard */,
				2FF5B5A31E835F6300BACD46 /* Assets.xcassets */,
				2FF5B5A51E835F6300BACD46 /* LaunchScreen.storyboard */,
				2FF5B5A81E835F6300BACD46 /* Info.plist */,
				2FF5B5971E835F6300BACD46 /* Supporting Files */,
			);
			path = "TTF-Demo";
			sourceTree = "<group>";
		};
		2FF5B5971E835F6300BACD46 /* Supporting Files */ = {
			isa = PBXGroup;
			children = (
				2FF5B5981E835F6300BACD46 /* main.m */,
			);
			name = "Supporting Files";
			sourceTree = "<group>";
		};
/* End PBXGroup section */

/* Begin PBXNativeTarget section */
		2FF5B5931E835F6300BACD46 /* TTF-Demo */ = {
			isa = PBXNativeTarget;
			buildConfigurationList = 2FF5B5AB1E835F6300BACD46 /* Build configuration list for PBXNativeTarget "TTF-Demo" */;
			buildPhases = (
				2FF5B5901E835F6300BACD46 /* Sources */,
				2FF5B5911E835F6300BACD46 /* Frameworks */,
				2FF5B5921E835F6300BACD46 /* Resources */,
			);
			buildRules = (
			);
			dependencies = (
			);
			name = "TTF-Demo";
			productName = "TTF-Demo";
			productReference = 2FF5B5941E835F6300BACD46 /* TTF-Demo.app */;
			productType = "com.apple.product-type.application";
		};
/* End PBXNativeTarget section */

/* Begin PBXProject section */
		2FF5B58C1E835F6300BACD46 /* Project object */ = {
			isa = PBXProject;
			attributes = {
				LastUpgradeCheck = 0820;
				ORGANIZATIONNAME = "李石磊";
				TargetAttributes = {
					2FF5B5931E835F6300BACD46 = {
						CreatedOnToolsVersion = 8.2.1;
						ProvisioningStyle = Automatic;
					};
				};
			};
			buildConfigurationList = 2FF5B58F1E835F6300BACD46 /* Build configuration list for PBXProject "TTF-Demo" */;
			compatibilityVersion = "Xcode 3.2";
			developmentRegion = English;
			hasScannedForEncodings = 0;
			knownRegions = (
				en,
				Base,
			);
			mainGroup = 2FF5B58B1E835F6300BACD46;
			productRefGroup = 2FF5B5951E835F6300BACD46 /* Products */;
			projectDirPath = "";
			projectRoot = "";
			targets = (
				2FF5B5931E835F6300BACD46 /* TTF-Demo */,
			);
		};
/* End PBXProject section */

/* Begin PBXResourcesBuildPhase section */
		2FF5B5921E835F6300BACD46 /* Resources */ = {
			isa = PBXResourcesBuildPhase;
			buildActionMask = 2147483647;
			files = (
				2FF5B5BF1E83678C00BACD46 /* DS-DIGIB.TTF in Resources */,
				2FF5B5B81E83647400BACD46 /* DS-DIGI.TTF in Resources */,
				2FF5B5A71E835F6300BACD46 /* LaunchScreen.storyboard in Resources */,
				2FF5B5A41E835F6300BACD46 /* Assets.xcassets in Resources */,
				2FF5B5A21E835F6300BACD46 /* Main.storyboard in Resources */,
				2FF5B5C11E83678C00BACD46 /* StencilStd.ttf in Resources */,
			);
			runOnlyForDeploymentPostprocessing = 0;
		};
/* End PBXResourcesBuildPhase section */

/* Begin PBXSourcesBuildPhase section */
		2FF5B5901E835F6300BACD46 /* Sources */ = {
			isa = PBXSourcesBuildPhase;
			buildActionMask = 2147483647;
			files = (
				2FF5B59F1E835F6300BACD46 /* ViewController.m in Sources */,
				2FF5B59C1E835F6300BACD46 /* AppDelegate.m in Sources */,
				2FF5B5991E835F6300BACD46 /* main.m in Sources */,
			);
			runOnlyForDeploymentPostprocessing = 0;
		};
/* End PBXSourcesBuildPhase section */

/* Begin PBXVariantGroup section */
		2FF5B5A01E835F6300BACD46 /* Main.storyboard */ = {
			isa = PBXVariantGroup;
			children = (
				2FF5B5A11E835F6300BACD46 /* Base */,
			);
			name = Main.storyboard;
			sourceTree = "<group>";
		};
		2FF5B5A51E835F6300BACD46 /* LaunchScreen.storyboard */ = {
			isa = PBXVariantGroup;
			children = (
				2FF5B5A61E835F6300BACD46 /* Base */,
			);
			name = LaunchScreen.storyboard;
			sourceTree = "<group>";
		};
/* End PBXVariantGroup section */

/* Begin XCBuildConfiguration section */
		2FF5B5A91E835F6300BACD46 /* Debug */ = {
			isa = XCBuildConfiguration;
			buildSettings = {
				ALWAYS_SEARCH_USER_PATHS = NO;
				CLANG_ANALYZER_NONNULL = YES;
				CLANG_CXX_LANGUAGE_STANDARD = "gnu++0x";
				CLANG_CXX_LIBRARY = "libc++";
				CLANG_ENABLE_MODULES = YES;
				CLANG_ENABLE_OBJC_ARC = YES;
				CLANG_WARN_BOOL_CONVERSION = YES;
				CLANG_WARN_CONSTANT_CONVERSION = YES;
				CLANG_WARN_DIRECT_OBJC_ISA_USAGE = YES_ERROR;
				CLANG_WARN_DOCUMENTATION_COMMENTS = YES;
				CLANG_WARN_EMPTY_BODY = YES;
				CLANG_WARN_ENUM_CONVERSION = YES;
				CLANG_WARN_INFINITE_RECURSION = YES;
				CLANG_WARN_INT_CONVERSION = YES;
				CLANG_WARN_OBJC_ROOT_CLASS = YES_ERROR;
				CLANG_WARN_SUSPICIOUS_MOVE = YES;
				CLANG_WARN_UNREACHABLE_CODE = YES;
				CLANG_WARN__DUPLICATE_METHOD_MATCH = YES;
				"CODE_SIGN_IDENTITY[sdk=iphoneos*]" = "iPhone Developer";
				COPY_PHASE_STRIP = NO;
				DEBUG_INFORMATION_FORMAT = dwarf;
				ENABLE_STRICT_OBJC_MSGSEND = YES;
				ENABLE_TESTABILITY = YES;
				GCC_C_LANGUAGE_STANDARD = gnu99;
				GCC_DYNAMIC_NO_PIC = NO;
				GCC_NO_COMMON_BLOCKS = YES;
				GCC_OPTIMIZATION_LEVEL = 0;
				GCC_PREPROCESSOR_DEFINITIONS = (
					"DEBUG=1",
					"$(inherited)",
				);
				GCC_WARN_64_TO_32_BIT_CONVERSION = YES;
				GCC_WARN_ABOUT_RETURN_TYPE = YES_ERROR;
				GCC_WARN_UNDECLARED_SELECTOR = YES;
				GCC_WARN_UNINITIALIZED_AUTOS = YES_AGGRESSIVE;
				GCC_WARN_UNUSED_FUNCTION = YES;
				GCC_WARN_UNUSED_VARIABLE = YES;
				IPHONEOS_DEPLOYMENT_TARGET = 10.2;
				MTL_ENABLE_DEBUG_INFO = YES;
				ONLY_ACTIVE_ARCH = YES;
				SDKROOT = iphoneos;
			};
			name = Debug;
		};
		2FF5B5AA1E835F6300BACD46 /* Release */ = {
			isa = XCBuildConfiguration;
			buildSettings = {
				ALWAYS_SEARCH_USER_PATHS = NO;
				CLANG_ANALYZER_NONNULL = YES;
				CLANG_CXX_LANGUAGE_STANDARD = "gnu++0x";
				CLANG_CXX_LIBRARY = "libc++";
				CLANG_ENABLE_MODULES = YES;
				CLANG_ENABLE_OBJC_ARC = YES;
				CLANG_WARN_BOOL_CONVERSION = YES;
				CLANG_WARN_CONSTANT_CONVERSION = YES;
				CLANG_WARN_DIRECT_OBJC_ISA_USAGE = YES_ERROR;
				CLANG_WARN_DOCUMENTATION_COMMENTS = YES;
				CLANG_WARN_EMPTY_BODY = YES;
				CLANG_WARN_ENUM_CONVERSION = YES;
				CLANG_WARN_INFINITE_RECURSION = YES;
				CLANG_WARN_INT_CONVERSION = YES;
				CLANG_WARN_OBJC_ROOT_CLASS = YES_ERROR;
				CLANG_WARN_SUSPICIOUS_MOVE = YES;
				CLANG_WARN_UNREACHABLE_CODE = YES;
				CLANG_WARN__DUPLICATE_METHOD_MATCH = YES;
				"CODE_SIGN_IDENTITY[sdk=iphoneos*]" = "iPhone Developer";
				COPY_PHASE_STRIP = NO;
				DEBUG_INFORMATION_FORMAT = "dwarf-with-dsym";
				ENABLE_NS_ASSERTIONS = NO;
				ENABLE_STRICT_OBJC_MSGSEND = YES;
				GCC_C_LANGUAGE_STANDARD = gnu99;
				GCC_NO_COMMON_BLOCKS = YES;
				GCC_WARN_64_TO_32_BIT_CONVERSION = YES;
				GCC_WARN_ABOUT_RETURN_TYPE = YES_ERROR;
				GCC_WARN_UNDECLARED_SELECTOR = YES;
				GCC_WARN_UNINITIALIZED_AUTOS = YES_AGGRESSIVE;
				GCC_WARN_UNUSED_FUNCTION = YES;
				GCC_WARN_UNUSED_VARIABLE = YES;
				IPHONEOS_DEPLOYMENT_TARGET = 10.2;
				MTL_ENABLE_DEBUG_INFO = NO;
				SDKROOT = iphoneos;
				VALIDATE_PRODUCT = YES;
			};
			name = Release;
		};
		2FF5B5AC1E835F6300BACD46 /* Debug */ = {
			isa = XCBuildConfiguration;
			buildSettings = {
				ASSETCATALOG_COMPILER_APPICON_NAME = AppIcon;
				DEVELOPMENT_TEAM = "";
				INFOPLIST_FILE = "TTF-Demo/Info.plist";
				LD_RUNPATH_SEARCH_PATHS = "$(inherited) @executable_path/Frameworks";
				PRODUCT_BUNDLE_IDENTIFIER = "haka.TTF-Demo";
				PRODUCT_NAME = "$(TARGET_NAME)";
			};
			name = Debug;
		};
		2FF5B5AD1E835F6300BACD46 /* Release */ = {
			isa = XCBuildConfiguration;
			buildSettings = {
				ASSETCATALOG_COMPILER_APPICON_NAME = AppIcon;
				DEVELOPMENT_TEAM = "";
				INFOPLIST_FILE = "TTF-Demo/Info.plist";
				LD_RUNPATH_SEARCH_PATHS = "$(inherited) @executable_path/Frameworks";
				PRODUCT_BUNDLE_IDENTIFIER = "haka.TTF-Demo";
				PRODUCT_NAME = "$(TARGET_NAME)";
			};
			name = Release;
		};
/* End XCBuildConfiguration section */

/* Begin XCConfigurationList section */
		2FF5B58F1E835F6300BACD46 /* Build configuration list for PBXProject "TTF-Demo" */ = {
			isa = XCConfigurationList;
			buildConfigurations = (
				2FF5B5A91E835F6300BACD46 /* Debug */,
				2FF5B5AA1E835F6300BACD46 /* Release */,
			);
			defaultConfigurationIsVisible = 0;
			defaultConfigurationName = Release;
		};
		2FF5B5AB1E835F6300BACD46 /* Build configuration list for PBXNativeTarget "TTF-Demo" */ = {
			isa = XCConfigurationList;
			buildConfigurations = (
				2FF5B5AC1E835F6300BACD46 /* Debug */,
				2FF5B5AD1E835F6300BACD46 /* Release */,
			);
			defaultConfigurationIsVisible = 0;
			defaultConfigurationName = Release;
		};
/* End XCConfigurationList section */
	};
	rootObject = 2FF5B58C1E835F6300BACD46 /* Project object */;
}
